
Microsoft Visual Studio Solution File, Format Version 12.00
# Visual Studio Version 16
VisualStudioVersion = 16.0.30523.141
MinimumVisualStudioVersion = 10.0.40219.1
Project("{9A19103F-16F7-4668-BE54-9A1E7A4F7556}") = "CoreWPF", "CoreWPF\CoreWPF.csproj", "{23B76FF6-27AC-4A37-9D36-1A5C1B35A3C8}"
EndProject
Global
	GlobalSection(SolutionConfigurationPlatforms) = preSolution
		Debug|Any CPU = Debug|Any CPU
		Release|Any CPU = Release|Any CPU
	EndGlobalSection
	GlobalSection(ProjectConfigurationPlatforms) = postSolution
		{23B76FF6-27AC-4A37-9D36-1A5C1B35A3C8}.Debug|Any CPU.ActiveCfg = Debug|Any CPU
		{23B76FF6-27AC-4A37-9D36-1A5C1B35A3C8}.Debug|Any CPU.Build.0 = Debug|Any CPU
		{23B76FF6-27AC-4A37-9D36-1A5C1B35A3C8}.Release|Any CPU.ActiveCfg = Release|Any CPU
		{23B76FF6-27AC-4A37-9D36-1A5C1B35A3C8}.Release|Any CPU.Build.0 = Release|Any CPU
	EndGlobalSection
	GlobalSection(SolutionProperties) = preSolution
		HideSolutionNode = FALSE
	EndGlobalSection
	GlobalSection(ExtensibilityGlobals) = postSolution
		SolutionGuid = {210AB0A3-3DEB-4707-A04E-3B550D0882DA}
	EndGlobalSection
EndGlobal
